
Microsoft Visual Studio Solution File, Format Version 12.00
# Visual Studio 15
VisualStudioVersion = 15.0.27703.2000
MinimumVisualStudioVersion = 10.0.40219.1
Project("{FAE04EC0-301F-11D3-BF4B-00C04F79EFBC}") = "SingletonDemo", "SingletonDemo\SingletonDemo.csproj", "{A09823EF-ABDA-4964-BB67-943B1CD3B81A}"
EndProject
Global
	GlobalSection(SolutionConfigurationPlatforms) = preSolution
		Debug|Any CPU = Debug|Any CPU
		Release|Any CPU = Release|Any CPU
	EndGlobalSection
	GlobalSection(ProjectConfigurationPlatforms) = postSolution
		{A09823EF-ABDA-4964-BB67-943B1CD3B81A}.Debug|Any CPU.ActiveCfg = Debug|Any CPU
		{A09823EF-ABDA-4964-BB67-943B1CD3B81A}.Debug|Any CPU.Build.0 = Debug|Any CPU
		{A09823EF-ABDA-4964-BB67-943B1CD3B81A}.Release|Any CPU.ActiveCfg = Release|Any CPU
		{A09823EF-ABDA-4964-BB67-943B1CD3B81A}.Release|Any CPU.Build.0 = Release|Any CPU
	EndGlobalSection
	GlobalSection(SolutionProperties) = preSolution
		HideSolutionNode = FALSE
	EndGlobalSection
	GlobalSection(ExtensibilityGlobals) = postSolution
		SolutionGuid = {5BF647A0-797E-4400-8B64-004928DE4067}
	EndGlobalSection
EndGlobal
